
Microsoft Visual Studio Solution File, Format Version 12.00
# Visual Studio Version 17
VisualStudioVersion = 17.4.33213.308
MinimumVisualStudioVersion = 10.0.40219.1
Project("{FAE04EC0-301F-11D3-BF4B-00C04F79EFBC}") = "Görsel_Programlama_2_Ödev", "Görsel_Programlama_2_Ödev\Görsel_Programlama_2_Ödev.csproj", "{946E6CBF-017B-4583-BBFD-2C99EE645FE6}"
EndProject
Global
	GlobalSection(SolutionConfigurationPlatforms) = preSolution
		Debug|Any CPU = Debug|Any CPU
		Release|Any CPU = Release|Any CPU
	EndGlobalSection
	GlobalSection(ProjectConfigurationPlatforms) = postSolution
		{946E6CBF-017B-4583-BBFD-2C99EE645FE6}.Debug|Any CPU.ActiveCfg = Debug|Any CPU
		{946E6CBF-017B-4583-BBFD-2C99EE645FE6}.Debug|Any CPU.Build.0 = Debug|Any CPU
		{946E6CBF-017B-4583-BBFD-2C99EE645FE6}.Release|Any CPU.ActiveCfg = Release|Any CPU
		{946E6CBF-017B-4583-BBFD-2C99EE645FE6}.Release|Any CPU.Build.0 = Release|Any CPU
	EndGlobalSection
	GlobalSection(SolutionProperties) = preSolution
		HideSolutionNode = FALSE
	EndGlobalSection
	GlobalSection(ExtensibilityGlobals) = postSolution
		SolutionGuid = {05BEBDF4-ABC7-4465-94A6-8E2CB2A0E3C1}
	EndGlobalSection
EndGlobal
